
Microsoft Visual Studio Solution File, Format Version 12.00
# Visual Studio 15
VisualStudioVersion = 15.0.27428.1
MinimumVisualStudioVersion = 10.0.40219.1
Project("{9A19103F-16F7-4668-BE54-9A1E7A4F7556}") = "YadbCore", "YadbCore.csproj", "{31A33CB8-220E-48B7-A62C-1E96B6CE6E77}"
EndProject
Global
	GlobalSection(SolutionConfigurationPlatforms) = preSolution
		Debug|Any CPU = Debug|Any CPU
		Release|Any CPU = Release|Any CPU
	EndGlobalSection
	GlobalSection(ProjectConfigurationPlatforms) = postSolution
		{31A33CB8-220E-48B7-A62C-1E96B6CE6E77}.Debug|Any CPU.ActiveCfg = Debug|Any CPU
		{31A33CB8-220E-48B7-A62C-1E96B6CE6E77}.Debug|Any CPU.Build.0 = Debug|Any CPU
		{31A33CB8-220E-48B7-A62C-1E96B6CE6E77}.Release|Any CPU.ActiveCfg = Release|Any CPU
		{31A33CB8-220E-48B7-A62C-1E96B6CE6E77}.Release|Any CPU.Build.0 = Release|Any CPU
	EndGlobalSection
	GlobalSection(SolutionProperties) = preSolution
		HideSolutionNode = FALSE
	EndGlobalSection
	GlobalSection(ExtensibilityGlobals) = postSolution
		SolutionGuid = {F80DB7DB-FFB6-4807-BC70-91C42290163C}
	EndGlobalSection
EndGlobal
